
Microsoft Visual Studio Solution File, Format Version 12.00
# Visual Studio Version 17
VisualStudioVersion = 17.2.32630.192
MinimumVisualStudioVersion = 10.0.40219.1
Project("{FAE04EC0-301F-11D3-BF4B-00C04F79EFBC}") = "OperatorProject", "OperatorProject\OperatorProject.csproj", "{8F3D3997-F255-45B6-977E-3557A1E0E335}"
EndProject
Global
	GlobalSection(SolutionConfigurationPlatforms) = preSolution
		Debug|Any CPU = Debug|Any CPU
		Release|Any CPU = Release|Any CPU
	EndGlobalSection
	GlobalSection(ProjectConfigurationPlatforms) = postSolution
		{8F3D3997-F255-45B6-977E-3557A1E0E335}.Debug|Any CPU.ActiveCfg = Debug|Any CPU
		{8F3D3997-F255-45B6-977E-3557A1E0E335}.Debug|Any CPU.Build.0 = Debug|Any CPU
		{8F3D3997-F255-45B6-977E-3557A1E0E335}.Release|Any CPU.ActiveCfg = Release|Any CPU
		{8F3D3997-F255-45B6-977E-3557A1E0E335}.Release|Any CPU.Build.0 = Release|Any CPU
	EndGlobalSection
	GlobalSection(SolutionProperties) = preSolution
		HideSolutionNode = FALSE
	EndGlobalSection
	GlobalSection(ExtensibilityGlobals) = postSolution
		SolutionGuid = {66EFA225-BB3B-48A3-A85F-FF6DEB2FD2B3}
	EndGlobalSection
EndGlobal
